
Microsoft Visual Studio Solution File, Format Version 12.00
# Visual Studio Version 17
VisualStudioVersion = 17.2.32602.215
MinimumVisualStudioVersion = 10.0.40219.1
Project("{FAE04EC0-301F-11D3-BF4B-00C04F79EFBC}") = "DelegatsAndEvents", "DelegatsAndEvents\DelegatsAndEvents.csproj", "{4CD64EE1-636A-4685-93B4-16C56669EA67}"
EndProject
Global
	GlobalSection(SolutionConfigurationPlatforms) = preSolution
		Debug|Any CPU = Debug|Any CPU
		Release|Any CPU = Release|Any CPU
	EndGlobalSection
	GlobalSection(ProjectConfigurationPlatforms) = postSolution
		{4CD64EE1-636A-4685-93B4-16C56669EA67}.Debug|Any CPU.ActiveCfg = Debug|Any CPU
		{4CD64EE1-636A-4685-93B4-16C56669EA67}.Debug|Any CPU.Build.0 = Debug|Any CPU
		{4CD64EE1-636A-4685-93B4-16C56669EA67}.Release|Any CPU.ActiveCfg = Release|Any CPU
		{4CD64EE1-636A-4685-93B4-16C56669EA67}.Release|Any CPU.Build.0 = Release|Any CPU
	EndGlobalSection
	GlobalSection(SolutionProperties) = preSolution
		HideSolutionNode = FALSE
	EndGlobalSection
	GlobalSection(ExtensibilityGlobals) = postSolution
		SolutionGuid = {A13F9589-CA5C-449E-9DD9-EA3B3FFBD872}
	EndGlobalSection
EndGlobal
